
Microsoft Visual Studio Solution File, Format Version 12.00
# Visual Studio 14
VisualStudioVersion = 14.0.25123.0
MinimumVisualStudioVersion = 10.0.40219.1
Project("{FAE04EC0-301F-11D3-BF4B-00C04F79EFBC}") = "OcphSMSLIBWithWCF", "OcphSMSLIBWithWCF\OcphSMSLIBWithWCF.csproj", "{FB5F41F1-D7D9-4A00-884F-18EB7A613D2B}"
EndProject
Project("{FAE04EC0-301F-11D3-BF4B-00C04F79EFBC}") = "OcphSMSLib", "OcphSMSLib\OcphSMSLib.csproj", "{31FE0F53-5D32-454F-B40A-AD09E6F3EDB1}"
EndProject
Project("{FAE04EC0-301F-11D3-BF4B-00C04F79EFBC}") = "TestWithWPF", "TestWithWPF\TestWithWPF.csproj", "{F2F17BED-E91B-4B7F-B3A4-9985E0B915A8}"
EndProject
Global
	GlobalSection(SolutionConfigurationPlatforms) = preSolution
		Debug|Any CPU = Debug|Any CPU
		Release|Any CPU = Release|Any CPU
	EndGlobalSection
	GlobalSection(ProjectConfigurationPlatforms) = postSolution
		{FB5F41F1-D7D9-4A00-884F-18EB7A613D2B}.Debug|Any CPU.ActiveCfg = Debug|Any CPU
		{FB5F41F1-D7D9-4A00-884F-18EB7A613D2B}.Debug|Any CPU.Build.0 = Debug|Any CPU
		{FB5F41F1-D7D9-4A00-884F-18EB7A613D2B}.Release|Any CPU.ActiveCfg = Release|Any CPU
		{FB5F41F1-D7D9-4A00-884F-18EB7A613D2B}.Release|Any CPU.Build.0 = Release|Any CPU
		{31FE0F53-5D32-454F-B40A-AD09E6F3EDB1}.Debug|Any CPU.ActiveCfg = Debug|Any CPU
		{31FE0F53-5D32-454F-B40A-AD09E6F3EDB1}.Debug|Any CPU.Build.0 = Debug|Any CPU
		{31FE0F53-5D32-454F-B40A-AD09E6F3EDB1}.Release|Any CPU.ActiveCfg = Release|Any CPU
		{31FE0F53-5D32-454F-B40A-AD09E6F3EDB1}.Release|Any CPU.Build.0 = Release|Any CPU
		{F2F17BED-E91B-4B7F-B3A4-9985E0B915A8}.Debug|Any CPU.ActiveCfg = Debug|Any CPU
		{F2F17BED-E91B-4B7F-B3A4-9985E0B915A8}.Debug|Any CPU.Build.0 = Debug|Any CPU
		{F2F17BED-E91B-4B7F-B3A4-9985E0B915A8}.Release|Any CPU.ActiveCfg = Release|Any CPU
		{F2F17BED-E91B-4B7F-B3A4-9985E0B915A8}.Release|Any CPU.Build.0 = Release|Any CPU
	EndGlobalSection
	GlobalSection(SolutionProperties) = preSolution
		HideSolutionNode = FALSE
	EndGlobalSection
EndGlobal
